
Microsoft Visual Studio Solution File, Format Version 12.00
# Visual Studio Version 17
VisualStudioVersion = 17.0.31912.275
MinimumVisualStudioVersion = 10.0.40219.1
Project("{9A19103F-16F7-4668-BE54-9A1E7A4F7556}") = "aoc21", "aoc21.csproj", "{F8209F22-3B38-4496-A200-B93EF81B4B44}"
EndProject
Global
	GlobalSection(SolutionConfigurationPlatforms) = preSolution
		Debug|Any CPU = Debug|Any CPU
		Release|Any CPU = Release|Any CPU
	EndGlobalSection
	GlobalSection(ProjectConfigurationPlatforms) = postSolution
		{F8209F22-3B38-4496-A200-B93EF81B4B44}.Debug|Any CPU.ActiveCfg = Debug|Any CPU
		{F8209F22-3B38-4496-A200-B93EF81B4B44}.Debug|Any CPU.Build.0 = Debug|Any CPU
		{F8209F22-3B38-4496-A200-B93EF81B4B44}.Release|Any CPU.ActiveCfg = Release|Any CPU
		{F8209F22-3B38-4496-A200-B93EF81B4B44}.Release|Any CPU.Build.0 = Release|Any CPU
	EndGlobalSection
	GlobalSection(SolutionProperties) = preSolution
		HideSolutionNode = FALSE
	EndGlobalSection
	GlobalSection(ExtensibilityGlobals) = postSolution
		SolutionGuid = {3570A468-CE84-4595-878B-22A86FD170AB}
	EndGlobalSection
EndGlobal
